// !$*UTF8*$!
{
	archiveVersion = 1;
	classes = {
	};
	objectVersion = 50;
	objects = {

/* Begin PBXBuildFile section */
		093542692114D3FF00B3226C /* AppDelegate.swift in Sources */ = {isa = PBXBuildFile; fileRef = 093542682114D3FF00B3226C /* AppDelegate.swift */; };
		0935426B2114D3FF00B3226C /* ViewController.swift in Sources */ = {isa = PBXBuildFile; fileRef = 0935426A2114D3FF00B3226C /* ViewController.swift */; };
		0935426E2114D3FF00B3226C /* Main.storyboard in Resources */ = {isa = PBXBuildFile; fileRef = 0935426C2114D3FF00B3226C /* Main.storyboard */; };
		093542702114D40200B3226C /* Assets.xcassets in Resources */ = {isa = PBXBuildFile; fileRef = 0935426F2114D40200B3226C /* Assets.xcassets */; };
		093542732114D40200B3226C /* LaunchScreen.storyboard in Resources */ = {isa = PBXBuildFile; fileRef = 093542712114D40200B3226C /* LaunchScreen.storyboard */; };
		0959A2422115DB4B0062A1AC /* Article.swift in Sources */ = {isa = PBXBuildFile; fileRef = 0959A2412115DB4B0062A1AC /* Article.swift */; };
		0959A2442115DCDD0062A1AC /* ArticleTableViewCell.xib in Resources */ = {isa = PBXBuildFile; fileRef = 0959A2432115DCDD0062A1AC /* ArticleTableViewCell.xib */; };
		0959A2462115DE6E0062A1AC /* ArticleTableViewCell.swift in Sources */ = {isa = PBXBuildFile; fileRef = 0959A2452115DE6E0062A1AC /* ArticleTableViewCell.swift */; };
		0959A2482115E3310062A1AC /* APIService.swift in Sources */ = {isa = PBXBuildFile; fileRef = 0959A2472115E3310062A1AC /* APIService.swift */; };
		0959A24A211602AF0062A1AC /* WebViewController.swift in Sources */ = {isa = PBXBuildFile; fileRef = 0959A249211602AF0062A1AC /* WebViewController.swift */; };
		0959A24E211607330062A1AC /* ProgressView.swift in Sources */ = {isa = PBXBuildFile; fileRef = 0959A24D211607330062A1AC /* ProgressView.swift */; };
		1275AFEE2B326A0BA8656111 /* Pods_Saurabh_SP.framework in Frameworks */ = {isa = PBXBuildFile; fileRef = 1DD30ACC6658831348FF2822 /* Pods_Saurabh_SP.framework */; };
/* End PBXBuildFile section */

/* Begin PBXFileReference section */
		093542652114D3FE00B3226C /* Saurabh_SP.app */ = {isa = PBXFileReference; explicitFileType = wrapper.application; includeInIndex = 0; path = Saurabh_SP.app; sourceTree = BUILT_PRODUCTS_DIR; };
		093542682114D3FF00B3226C /* AppDelegate.swift */ = {isa = PBXFileReference; lastKnownFileType = sourcecode.swift; path = AppDelegate.swift; sourceTree = "<group>"; };
		0935426A2114D3FF00B3226C /* ViewController.swift */ = {isa = PBXFileReference; lastKnownFileType = sourcecode.swift; path = ViewController.swift; sourceTree = "<group>"; };
		0935426D2114D3FF00B3226C /* Base */ = {isa = PBXFileReference; lastKnownFileType = file.storyboard; name = Base; path = Base.lproj/Main.storyboard; sourceTree = "<group>"; };
		0935426F2114D40200B3226C /* Assets.xcassets */ = {isa = PBXFileReference; lastKnownFileType = folder.assetcatalog; path = Assets.xcassets; sourceTree = "<group>"; };
		093542722114D40200B3226C /* Base */ = {isa = PBXFileReference; lastKnownFileType = file.storyboard; name = Base; path = Base.lproj/LaunchScreen.storyboard; sourceTree = "<group>"; };
		093542742114D40200B3226C /* Info.plist */ = {isa = PBXFileReference; lastKnownFileType = text.plist.xml; path = Info.plist; sourceTree = "<group>"; };
		0959A2412115DB4B0062A1AC /* Article.swift */ = {isa = PBXFileReference; lastKnownFileType = sourcecode.swift; path = Article.swift; sourceTree = "<group>"; };
		0959A2432115DCDD0062A1AC /* ArticleTableViewCell.xib */ = {isa = PBXFileReference; lastKnownFileType = file.xib; path = ArticleTableViewCell.xib; sourceTree = "<group>"; };
		0959A2452115DE6E0062A1AC /* ArticleTableViewCell.swift */ = {isa = PBXFileReference; lastKnownFileType = sourcecode.swift; path = ArticleTableViewCell.swift; sourceTree = "<group>"; };
		0959A2472115E3310062A1AC /* APIService.swift */ = {isa = PBXFileReference; lastKnownFileType = sourcecode.swift; path = APIService.swift; sourceTree = "<group>"; };
		0959A249211602AF0062A1AC /* WebViewController.swift */ = {isa = PBXFileReference; lastKnownFileType = sourcecode.swift; path = WebViewController.swift; sourceTree = "<group>"; };
		0959A24D211607330062A1AC /* ProgressView.swift */ = {isa = PBXFileReference; lastKnownFileType = sourcecode.swift; path = ProgressView.swift; sourceTree = "<group>"; };
		0F948F4DB2D7745C3EC2BEE0 /* Pods-Saurabh_SP.debug.xcconfig */ = {isa = PBXFileReference; includeInIndex = 1; lastKnownFileType = text.xcconfig; name = "Pods-Saurabh_SP.debug.xcconfig"; path = "Pods/Target Support Files/Pods-Saurabh_SP/Pods-Saurabh_SP.debug.xcconfig"; sourceTree = "<group>"; };
		1DD30ACC6658831348FF2822 /* Pods_Saurabh_SP.framework */ = {isa = PBXFileReference; explicitFileType = wrapper.framework; includeInIndex = 0; path = Pods_Saurabh_SP.framework; sourceTree = BUILT_PRODUCTS_DIR; };
		D09AC19C60807F15D7C9320D /* Pods-Saurabh_SP.release.xcconfig */ = {isa = PBXFileReference; includeInIndex = 1; lastKnownFileType = text.xcconfig; name = "Pods-Saurabh_SP.release.xcconfig"; path = "Pods/Target Support Files/Pods-Saurabh_SP/Pods-Saurabh_SP.release.xcconfig"; sourceTree = "<group>"; };
/* End PBXFileReference section */

/* Begin PBXFrameworksBuildPhase section */
		093542622114D3FE00B3226C /* Frameworks */ = {
			isa = PBXFrameworksBuildPhase;
			buildActionMask = 2147483647;
			files = (
				1275AFEE2B326A0BA8656111 /* Pods_Saurabh_SP.framework in Frameworks */,
			);
			runOnlyForDeploymentPostprocessing = 0;
		};
/* End PBXFrameworksBuildPhase section */

/* Begin PBXGroup section */
		0935425C2114D3FE00B3226C = {
			isa = PBXGroup;
			children = (
				093542672114D3FE00B3226C /* Saurabh_SP */,
				093542662114D3FE00B3226C /* Products */,
				373499CC3C08112BB2D2748B /* Pods */,
				E318591AEFBFEF9726DCD2F1 /* Frameworks */,
			);
			sourceTree = "<group>";
		};
		093542662114D3FE00B3226C /* Products */ = {
			isa = PBXGroup;
			children = (
				093542652114D3FE00B3226C /* Saurabh_SP.app */,
			);
			name = Products;
			sourceTree = "<group>";
		};
		093542672114D3FE00B3226C /* Saurabh_SP */ = {
			isa = PBXGroup;
			children = (
				093542682114D3FF00B3226C /* AppDelegate.swift */,
				0959A2412115DB4B0062A1AC /* Article.swift */,
				0959A2472115E3310062A1AC /* APIService.swift */,
				0959A2432115DCDD0062A1AC /* ArticleTableViewCell.xib */,
				0959A2452115DE6E0062A1AC /* ArticleTableViewCell.swift */,
				0935426A2114D3FF00B3226C /* ViewController.swift */,
				0959A24D211607330062A1AC /* ProgressView.swift */,
				0935426C2114D3FF00B3226C /* Main.storyboard */,
				0959A249211602AF0062A1AC /* WebViewController.swift */,
				0935426F2114D40200B3226C /* Assets.xcassets */,
				093542712114D40200B3226C /* LaunchScreen.storyboard */,
				093542742114D40200B3226C /* Info.plist */,
			);
			path = Saurabh_SP;
			sourceTree = "<group>";
		};
		373499CC3C08112BB2D2748B /* Pods */ = {
			isa = PBXGroup;
			children = (
				0F948F4DB2D7745C3EC2BEE0 /* Pods-Saurabh_SP.debug.xcconfig */,
				D09AC19C60807F15D7C9320D /* Pods-Saurabh_SP.release.xcconfig */,
			);
			name = Pods;
			sourceTree = "<group>";
		};
		E318591AEFBFEF9726DCD2F1 /* Frameworks */ = {
			isa = PBXGroup;
			children = (
				1DD30ACC6658831348FF2822 /* Pods_Saurabh_SP.framework */,
			);
			name = Frameworks;
			sourceTree = "<group>";
		};
/* End PBXGroup section */

/* Begin PBXNativeTarget section */
		093542642114D3FE00B3226C /* Saurabh_SP */ = {
			isa = PBXNativeTarget;
			buildConfigurationList = 093542772114D40200B3226C /* Build configuration list for PBXNativeTarget "Saurabh_SP" */;
			buildPhases = (
				DD5DB8B72C9E1B8557531CBB /* [CP] Check Pods Manifest.lock */,
				093542612114D3FE00B3226C /* Sources */,
				093542622114D3FE00B3226C /* Frameworks */,
				093542632114D3FE00B3226C /* Resources */,
				DAF0992BFC7D9B18CD65CB98 /* [CP] Embed Pods Frameworks */,
			);
			buildRules = (
			);
			dependencies = (
			);
			name = Saurabh_SP;
			productName = Saurabh_SP;
			productReference = 093542652114D3FE00B3226C /* Saurabh_SP.app */;
			productType = "com.apple.product-type.application";
		};
/* End PBXNativeTarget section */

/* Begin PBXProject section */
		0935425D2114D3FE00B3226C /* Project object */ = {
			isa = PBXProject;
			attributes = {
				LastSwiftUpdateCheck = 0940;
				LastUpgradeCheck = 0940;
				ORGANIZATIONNAME = saurabh;
				TargetAttributes = {
					093542642114D3FE00B3226C = {
						CreatedOnToolsVersion = 9.4.1;
					};
				};
			};
			buildConfigurationList = 093542602114D3FE00B3226C /* Build configuration list for PBXProject "Saurabh_SP" */;
			compatibilityVersion = "Xcode 9.3";
			developmentRegion = en;
			hasScannedForEncodings = 0;
			knownRegions = (
				en,
				Base,
			);
			mainGroup = 0935425C2114D3FE00B3226C;
			productRefGroup = 093542662114D3FE00B3226C /* Products */;
			projectDirPath = "";
			projectRoot = "";
			targets = (
				093542642114D3FE00B3226C /* Saurabh_SP */,
			);
		};
/* End PBXProject section */

/* Begin PBXResourcesBuildPhase section */
		093542632114D3FE00B3226C /* Resources */ = {
			isa = PBXResourcesBuildPhase;
			buildActionMask = 2147483647;
			files = (
				0959A2442115DCDD0062A1AC /* ArticleTableViewCell.xib in Resources */,
				093542732114D40200B3226C /* LaunchScreen.storyboard in Resources */,
				093542702114D40200B3226C /* Assets.xcassets in Resources */,
				0935426E2114D3FF00B3226C /* Main.storyboard in Resources */,
			);
			runOnlyForDeploymentPostprocessing = 0;
		};
/* End PBXResourcesBuildPhase section */

/* Begin PBXShellScriptBuildPhase section */
		DAF0992BFC7D9B18CD65CB98 /* [CP] Embed Pods Frameworks */ = {
			isa = PBXShellScriptBuildPhase;
			buildActionMask = 2147483647;
			files = (
			);
			inputPaths = (
				"${SRCROOT}/Pods/Target Support Files/Pods-Saurabh_SP/Pods-Saurabh_SP-frameworks.sh",
				"${BUILT_PRODUCTS_DIR}/Kingfisher/Kingfisher.framework",
			);
			name = "[CP] Embed Pods Frameworks";
			outputPaths = (
				"${TARGET_BUILD_DIR}/${FRAMEWORKS_FOLDER_PATH}/Kingfisher.framework",
			);
			runOnlyForDeploymentPostprocessing = 0;
			shellPath = /bin/sh;
			shellScript = "\"${SRCROOT}/Pods/Target Support Files/Pods-Saurabh_SP/Pods-Saurabh_SP-frameworks.sh\"\n";
			showEnvVarsInLog = 0;
		};
		DD5DB8B72C9E1B8557531CBB /* [CP] Check Pods Manifest.lock */ = {
			isa = PBXShellScriptBuildPhase;
			buildActionMask = 2147483647;
			files = (
			);
			inputPaths = (
				"${PODS_PODFILE_DIR_PATH}/Podfile.lock",
				"${PODS_ROOT}/Manifest.lock",
			);
			name = "[CP] Check Pods Manifest.lock";
			outputPaths = (
				"$(DERIVED_FILE_DIR)/Pods-Saurabh_SP-checkManifestLockResult.txt",
			);
			runOnlyForDeploymentPostprocessing = 0;
			shellPath = /bin/sh;
			shellScript = "diff \"${PODS_PODFILE_DIR_PATH}/Podfile.lock\" \"${PODS_ROOT}/Manifest.lock\" > /dev/null\nif [ $? != 0 ] ; then\n    # print error to STDERR\n    echo \"error: The sandbox is not in sync with the Podfile.lock. Run 'pod install' or update your CocoaPods installation.\" >&2\n    exit 1\nfi\n# This output is used by Xcode 'outputs' to avoid re-running this script phase.\necho \"SUCCESS\" > \"${SCRIPT_OUTPUT_FILE_0}\"\n";
			showEnvVarsInLog = 0;
		};
/* End PBXShellScriptBuildPhase section */

/* Begin PBXSourcesBuildPhase section */
		093542612114D3FE00B3226C /* Sources */ = {
			isa = PBXSourcesBuildPhase;
			buildActionMask = 2147483647;
			files = (
				0959A2462115DE6E0062A1AC /* ArticleTableViewCell.swift in Sources */,
				0959A24A211602AF0062A1AC /* WebViewController.swift in Sources */,
				0959A2482115E3310062A1AC /* APIService.swift in Sources */,
				0935426B2114D3FF00B3226C /* ViewController.swift in Sources */,
				0959A24E211607330062A1AC /* ProgressView.swift in Sources */,
				093542692114D3FF00B3226C /* AppDelegate.swift in Sources */,
				0959A2422115DB4B0062A1AC /* Article.swift in Sources */,
			);
			runOnlyForDeploymentPostprocessing = 0;
		};
/* End PBXSourcesBuildPhase section */

/* Begin PBXVariantGroup section */
		0935426C2114D3FF00B3226C /* Main.storyboard */ = {
			isa = PBXVariantGroup;
			children = (
				0935426D2114D3FF00B3226C /* Base */,
			);
			name = Main.storyboard;
			sourceTree = "<group>";
		};
		093542712114D40200B3226C /* LaunchScreen.storyboard */ = {
			isa = PBXVariantGroup;
			children = (
				093542722114D40200B3226C /* Base */,
			);
			name = LaunchScreen.storyboard;
			sourceTree = "<group>";
		};
/* End PBXVariantGroup section */

/* Begin XCBuildConfiguration section */
		093542752114D40200B3226C /* Debug */ = {
			isa = XCBuildConfiguration;
			buildSettings = {
				ALWAYS_SEARCH_USER_PATHS = NO;
				CLANG_ANALYZER_NONNULL = YES;
				CLANG_ANALYZER_NUMBER_OBJECT_CONVERSION = YES_AGGRESSIVE;
				CLANG_CXX_LANGUAGE_STANDARD = "gnu++14";
				CLANG_CXX_LIBRARY = "libc++";
				CLANG_ENABLE_MODULES = YES;
				CLANG_ENABLE_OBJC_ARC = YES;
				CLANG_ENABLE_OBJC_WEAK = YES;
				CLANG_WARN_BLOCK_CAPTURE_AUTORELEASING = YES;
				CLANG_WARN_BOOL_CONVERSION = YES;
				CLANG_WARN_COMMA = YES;
				CLANG_WARN_CONSTANT_CONVERSION = YES;
				CLANG_WARN_DEPRECATED_OBJC_IMPLEMENTATIONS = YES;
				CLANG_WARN_DIRECT_OBJC_ISA_USAGE = YES_ERROR;
				CLANG_WARN_DOCUMENTATION_COMMENTS = YES;
				CLANG_WARN_EMPTY_BODY = YES;
				CLANG_WARN_ENUM_CONVERSION = YES;
				CLANG_WARN_INFINITE_RECURSION = YES;
				CLANG_WARN_INT_CONVERSION = YES;
				CLANG_WARN_NON_LITERAL_NULL_CONVERSION = YES;
				CLANG_WARN_OBJC_IMPLICIT_RETAIN_SELF = YES;
				CLANG_WARN_OBJC_LITERAL_CONVERSION = YES;
				CLANG_WARN_OBJC_ROOT_CLASS = YES_ERROR;
				CLANG_WARN_RANGE_LOOP_ANALYSIS = YES;
				CLANG_WARN_STRICT_PROTOTYPES = YES;
				CLANG_WARN_SUSPICIOUS_MOVE = YES;
				CLANG_WARN_UNGUARDED_AVAILABILITY = YES_AGGRESSIVE;
				CLANG_WARN_UNREACHABLE_CODE = YES;
				CLANG_WARN__DUPLICATE_METHOD_MATCH = YES;
				CODE_SIGN_IDENTITY = "iPhone Developer";
				COPY_PHASE_STRIP = NO;
				DEBUG_INFORMATION_FORMAT = dwarf;
				ENABLE_STRICT_OBJC_MSGSEND = YES;
				ENABLE_TESTABILITY = YES;
				GCC_C_LANGUAGE_STANDARD = gnu11;
				GCC_DYNAMIC_NO_PIC = NO;
				GCC_NO_COMMON_BLOCKS = YES;
				GCC_OPTIMIZATION_LEVEL = 0;
				GCC_PREPROCESSOR_DEFINITIONS = (
					"DEBUG=1",
					"$(inherited)",
				);
				GCC_WARN_64_TO_32_BIT_CONVERSION = YES;
				GCC_WARN_ABOUT_RETURN_TYPE = YES_ERROR;
				GCC_WARN_UNDECLARED_SELECTOR = YES;
				GCC_WARN_UNINITIALIZED_AUTOS = YES_AGGRESSIVE;
				GCC_WARN_UNUSED_FUNCTION = YES;
				GCC_WARN_UNUSED_VARIABLE = YES;
				IPHONEOS_DEPLOYMENT_TARGET = 11.4;
				MTL_ENABLE_DEBUG_INFO = YES;
				ONLY_ACTIVE_ARCH = YES;
				SDKROOT = iphoneos;
				SWIFT_ACTIVE_COMPILATION_CONDITIONS = DEBUG;
				SWIFT_OPTIMIZATION_LEVEL = "-Onone";
			};
			name = Debug;
		};
		093542762114D40200B3226C /* Release */ = {
			isa = XCBuildConfiguration;
			buildSettings = {
				ALWAYS_SEARCH_USER_PATHS = NO;
				CLANG_ANALYZER_NONNULL = YES;
				CLANG_ANALYZER_NUMBER_OBJECT_CONVERSION = YES_AGGRESSIVE;
				CLANG_CXX_LANGUAGE_STANDARD = "gnu++14";
				CLANG_CXX_LIBRARY = "libc++";
				CLANG_ENABLE_MODULES = YES;
				CLANG_ENABLE_OBJC_ARC = YES;
				CLANG_ENABLE_OBJC_WEAK = YES;
				CLANG_WARN_BLOCK_CAPTURE_AUTORELEASING = YES;
				CLANG_WARN_BOOL_CONVERSION = YES;
				CLANG_WARN_COMMA = YES;
				CLANG_WARN_CONSTANT_CONVERSION = YES;
				CLANG_WARN_DEPRECATED_OBJC_IMPLEMENTATIONS = YES;
				CLANG_WARN_DIRECT_OBJC_ISA_USAGE = YES_ERROR;
				CLANG_WARN_DOCUMENTATION_COMMENTS = YES;
				CLANG_WARN_EMPTY_BODY = YES;
				CLANG_WARN_ENUM_CONVERSION = YES;
				CLANG_WARN_INFINITE_RECURSION = YES;
				CLANG_WARN_INT_CONVERSION = YES;
				CLANG_WARN_NON_LITERAL_NULL_CONVERSION = YES;
				CLANG_WARN_OBJC_IMPLICIT_RETAIN_SELF = YES;
				CLANG_WARN_OBJC_LITERAL_CONVERSION = YES;
				CLANG_WARN_OBJC_ROOT_CLASS = YES_ERROR;
				CLANG_WARN_RANGE_LOOP_ANALYSIS = YES;
				CLANG_WARN_STRICT_PROTOTYPES = YES;
				CLANG_WARN_SUSPICIOUS_MOVE = YES;
				CLANG_WARN_UNGUARDED_AVAILABILITY = YES_AGGRESSIVE;
				CLANG_WARN_UNREACHABLE_CODE = YES;
				CLANG_WARN__DUPLICATE_METHOD_MATCH = YES;
				CODE_SIGN_IDENTITY = "iPhone Developer";
				COPY_PHASE_STRIP = NO;
				DEBUG_INFORMATION_FORMAT = "dwarf-with-dsym";
				ENABLE_NS_ASSERTIONS = NO;
				ENABLE_STRICT_OBJC_MSGSEND = YES;
				GCC_C_LANGUAGE_STANDARD = gnu11;
				GCC_NO_COMMON_BLOCKS = YES;
				GCC_WARN_64_TO_32_BIT_CONVERSION = YES;
				GCC_WARN_ABOUT_RETURN_TYPE = YES_ERROR;
				GCC_WARN_UNDECLARED_SELECTOR = YES;
				GCC_WARN_UNINITIALIZED_AUTOS = YES_AGGRESSIVE;
				GCC_WARN_UNUSED_FUNCTION = YES;
				GCC_WARN_UNUSED_VARIABLE = YES;
				IPHONEOS_DEPLOYMENT_TARGET = 11.4;
				MTL_ENABLE_DEBUG_INFO = NO;
				SDKROOT = iphoneos;
				SWIFT_COMPILATION_MODE = wholemodule;
				SWIFT_OPTIMIZATION_LEVEL = "-O";
				VALIDATE_PRODUCT = YES;
			};
			name = Release;
		};
		093542782114D40200B3226C /* Debug */ = {
			isa = XCBuildConfiguration;
			baseConfigurationReference = 0F948F4DB2D7745C3EC2BEE0 /* Pods-Saurabh_SP.debug.xcconfig */;
			buildSettings = {
				ASSETCATALOG_COMPILER_APPICON_NAME = AppIcon;
				CODE_SIGN_STYLE = Automatic;
				DEVELOPMENT_TEAM = WAGXRCHGD8;
				INFOPLIST_FILE = Saurabh_SP/Info.plist;
				LD_RUNPATH_SEARCH_PATHS = (
					"$(inherited)",
					"@executable_path/Frameworks",
				);
				PRODUCT_BUNDLE_IDENTIFIER = "com.saurabh.app.Saurabh-SP";
				PRODUCT_NAME = "$(TARGET_NAME)";
				SWIFT_VERSION = 4.0;
				TARGETED_DEVICE_FAMILY = "1,2";
			};
			name = Debug;
		};
		093542792114D40200B3226C /* Release */ = {
			isa = XCBuildConfiguration;
			baseConfigurationReference = D09AC19C60807F15D7C9320D /* Pods-Saurabh_SP.release.xcconfig */;
			buildSettings = {
				ASSETCATALOG_COMPILER_APPICON_NAME = AppIcon;
				CODE_SIGN_STYLE = Automatic;
				DEVELOPMENT_TEAM = WAGXRCHGD8;
				INFOPLIST_FILE = Saurabh_SP/Info.plist;
				LD_RUNPATH_SEARCH_PATHS = (
					"$(inherited)",
					"@executable_path/Frameworks",
				);
				PRODUCT_BUNDLE_IDENTIFIER = "com.saurabh.app.Saurabh-SP";
				PRODUCT_NAME = "$(TARGET_NAME)";
				SWIFT_VERSION = 4.0;
				TARGETED_DEVICE_FAMILY = "1,2";
			};
			name = Release;
		};
/* End XCBuildConfiguration section */

/* Begin XCConfigurationList section */
		093542602114D3FE00B3226C /* Build configuration list for PBXProject "Saurabh_SP" */ = {
			isa = XCConfigurationList;
			buildConfigurations = (
				093542752114D40200B3226C /* Debug */,
				093542762114D40200B3226C /* Release */,
			);
			defaultConfigurationIsVisible = 0;
			defaultConfigurationName = Release;
		};
		093542772114D40200B3226C /* Build configuration list for PBXNativeTarget "Saurabh_SP" */ = {
			isa = XCConfigurationList;
			buildConfigurations = (
				093542782114D40200B3226C /* Debug */,
				093542792114D40200B3226C /* Release */,
			);
			defaultConfigurationIsVisible = 0;
			defaultConfigurationName = Release;
		};
/* End XCConfigurationList section */
	};
	rootObject = 0935425D2114D3FE00B3226C /* Project object */;
}
